
Microsoft Visual Studio Solution File, Format Version 12.00
# Visual Studio Version 17
VisualStudioVersion = 17.11.35303.130
MinimumVisualStudioVersion = 10.0.40219.1
Project("{FAE04EC0-301F-11D3-BF4B-00C04F79EFBC}") = "Wa3Tuner", "Wa3Tuner\Wa3Tuner.csproj", "{01167A63-886E-4F89-BEF3-B8294448F776}"
EndProject
Global
	GlobalSection(SolutionConfigurationPlatforms) = preSolution
		Debug|Any CPU = Debug|Any CPU
		Release|Any CPU = Release|Any CPU
	EndGlobalSection
	GlobalSection(ProjectConfigurationPlatforms) = postSolution
		{01167A63-886E-4F89-BEF3-B8294448F776}.Debug|Any CPU.ActiveCfg = Debug|Any CPU
		{01167A63-886E-4F89-BEF3-B8294448F776}.Debug|Any CPU.Build.0 = Debug|Any CPU
		{01167A63-886E-4F89-BEF3-B8294448F776}.Release|Any CPU.ActiveCfg = Release|Any CPU
		{01167A63-886E-4F89-BEF3-B8294448F776}.Release|Any CPU.Build.0 = Release|Any CPU
	EndGlobalSection
	GlobalSection(SolutionProperties) = preSolution
		HideSolutionNode = FALSE
	EndGlobalSection
	GlobalSection(ExtensibilityGlobals) = postSolution
		SolutionGuid = {6213870D-43C7-48A5-999B-D226BF615EAE}
	EndGlobalSection
EndGlobal
